
Microsoft Visual Studio Solution File, Format Version 12.00
# Visual Studio Version 16
VisualStudioVersion = 16.0.30907.101
MinimumVisualStudioVersion = 10.0.40219.1
Project("{FAE04EC0-301F-11D3-BF4B-00C04F79EFBC}") = "TestProject333", "TestProject333\TestProject333.csproj", "{DFEB41CB-25CB-47FB-ABCB-44D75647EEBB}"
EndProject
Global
	GlobalSection(SolutionConfigurationPlatforms) = preSolution
		Debug|Any CPU = Debug|Any CPU
		Release|Any CPU = Release|Any CPU
	EndGlobalSection
	GlobalSection(ProjectConfigurationPlatforms) = postSolution
		{DFEB41CB-25CB-47FB-ABCB-44D75647EEBB}.Debug|Any CPU.ActiveCfg = Debug|Any CPU
		{DFEB41CB-25CB-47FB-ABCB-44D75647EEBB}.Debug|Any CPU.Build.0 = Debug|Any CPU
		{DFEB41CB-25CB-47FB-ABCB-44D75647EEBB}.Release|Any CPU.ActiveCfg = Release|Any CPU
		{DFEB41CB-25CB-47FB-ABCB-44D75647EEBB}.Release|Any CPU.Build.0 = Release|Any CPU
	EndGlobalSection
	GlobalSection(SolutionProperties) = preSolution
		HideSolutionNode = FALSE
	EndGlobalSection
	GlobalSection(ExtensibilityGlobals) = postSolution
		SolutionGuid = {4E6C2089-207E-42BF-AB27-8C45DF42FBF4}
	EndGlobalSection
EndGlobal
